// !$*UTF8*$!
{
	archiveVersion = 1;
	classes = {
	};
	objectVersion = 51;
	objects = {

/* Begin PBXBuildFile section */
		840D1DB329AC697F0094282B /* SetionHeaderView.swift in Sources */ = {isa = PBXBuildFile; fileRef = 840D1DB229AC697F0094282B /* SetionHeaderView.swift */; };
		840D1DB629ACBA850094282B /* MyCollectionViewCell.swift in Sources */ = {isa = PBXBuildFile; fileRef = 840D1DB529ACBA850094282B /* MyCollectionViewCell.swift */; };
		846DE70429A73530004B494D /* AppDelegate.swift in Sources */ = {isa = PBXBuildFile; fileRef = 846DE70329A73530004B494D /* AppDelegate.swift */; };
		846DE70629A73530004B494D /* SceneDelegate.swift in Sources */ = {isa = PBXBuildFile; fileRef = 846DE70529A73530004B494D /* SceneDelegate.swift */; };
		846DE70829A73530004B494D /* ViewController.swift in Sources */ = {isa = PBXBuildFile; fileRef = 846DE70729A73530004B494D /* ViewController.swift */; };
		846DE70D29A7354A004B494D /* Assets.xcassets in Resources */ = {isa = PBXBuildFile; fileRef = 846DE70C29A7354A004B494D /* Assets.xcassets */; };
		846DE71029A7354A004B494D /* LaunchScreen.storyboard in Resources */ = {isa = PBXBuildFile; fileRef = 846DE70E29A7354A004B494D /* LaunchScreen.storyboard */; };
		846DE71929A73C76004B494D /* MyTableViewCell.swift in Sources */ = {isa = PBXBuildFile; fileRef = 846DE71829A73C76004B494D /* MyTableViewCell.swift */; };
		E16507B637D179A4EE0713D4 /* Pods_Project2.framework in Frameworks */ = {isa = PBXBuildFile; fileRef = 7FBA25C07BB5CF462A2656E4 /* Pods_Project2.framework */; };
/* End PBXBuildFile section */

/* Begin PBXFileReference section */
		2D648C4FDDB7785EB1B6CC8B /* Pods-Project2.release.xcconfig */ = {isa = PBXFileReference; includeInIndex = 1; lastKnownFileType = text.xcconfig; name = "Pods-Project2.release.xcconfig"; path = "Target Support Files/Pods-Project2/Pods-Project2.release.xcconfig"; sourceTree = "<group>"; };
		7FBA25C07BB5CF462A2656E4 /* Pods_Project2.framework */ = {isa = PBXFileReference; explicitFileType = wrapper.framework; includeInIndex = 0; path = Pods_Project2.framework; sourceTree = BUILT_PRODUCTS_DIR; };
		840D1DB229AC697F0094282B /* SetionHeaderView.swift */ = {isa = PBXFileReference; lastKnownFileType = sourcecode.swift; path = SetionHeaderView.swift; sourceTree = "<group>"; };
		840D1DB529ACBA850094282B /* MyCollectionViewCell.swift */ = {isa = PBXFileReference; lastKnownFileType = sourcecode.swift; path = MyCollectionViewCell.swift; sourceTree = "<group>"; };
		846DE70029A73530004B494D /* Project2.app */ = {isa = PBXFileReference; explicitFileType = wrapper.application; includeInIndex = 0; path = Project2.app; sourceTree = BUILT_PRODUCTS_DIR; };
		846DE70329A73530004B494D /* AppDelegate.swift */ = {isa = PBXFileReference; lastKnownFileType = sourcecode.swift; path = AppDelegate.swift; sourceTree = "<group>"; };
		846DE70529A73530004B494D /* SceneDelegate.swift */ = {isa = PBXFileReference; lastKnownFileType = sourcecode.swift; path = SceneDelegate.swift; sourceTree = "<group>"; };
		846DE70729A73530004B494D /* ViewController.swift */ = {isa = PBXFileReference; lastKnownFileType = sourcecode.swift; path = ViewController.swift; sourceTree = "<group>"; };
		846DE70C29A7354A004B494D /* Assets.xcassets */ = {isa = PBXFileReference; lastKnownFileType = folder.assetcatalog; path = Assets.xcassets; sourceTree = "<group>"; };
		846DE70F29A7354A004B494D /* Base */ = {isa = PBXFileReference; lastKnownFileType = file.storyboard; name = Base; path = Base.lproj/LaunchScreen.storyboard; sourceTree = "<group>"; };
		846DE71129A7354A004B494D /* Info.plist */ = {isa = PBXFileReference; lastKnownFileType = text.plist.xml; path = Info.plist; sourceTree = "<group>"; };
		846DE71829A73C76004B494D /* MyTableViewCell.swift */ = {isa = PBXFileReference; lastKnownFileType = sourcecode.swift; path = MyTableViewCell.swift; sourceTree = "<group>"; };
		E54AAC5B02D80E5BE4733F51 /* Pods-Project2.debug.xcconfig */ = {isa = PBXFileReference; includeInIndex = 1; lastKnownFileType = text.xcconfig; name = "Pods-Project2.debug.xcconfig"; path = "Target Support Files/Pods-Project2/Pods-Project2.debug.xcconfig"; sourceTree = "<group>"; };
/* End PBXFileReference section */

/* Begin PBXFrameworksBuildPhase section */
		846DE6FD29A73530004B494D /* Frameworks */ = {
			isa = PBXFrameworksBuildPhase;
			buildActionMask = 2147483647;
			files = (
				E16507B637D179A4EE0713D4 /* Pods_Project2.framework in Frameworks */,
			);
			runOnlyForDeploymentPostprocessing = 0;
		};
/* End PBXFrameworksBuildPhase section */

/* Begin PBXGroup section */
		3C7CBA6A25F92B641A21FA0C /* Frameworks */ = {
			isa = PBXGroup;
			children = (
				7FBA25C07BB5CF462A2656E4 /* Pods_Project2.framework */,
			);
			name = Frameworks;
			sourceTree = "<group>";
		};
		840D1DB429AC8EF00094282B /* Controller */ = {
			isa = PBXGroup;
			children = (
				846DE70729A73530004B494D /* ViewController.swift */,
			);
			path = Controller;
			sourceTree = "<group>";
		};
		846DE6F729A73530004B494D = {
			isa = PBXGroup;
			children = (
				846DE70229A73530004B494D /* Project2 */,
				846DE70129A73530004B494D /* Products */,
				F056DF751874B2B3A124489A /* Pods */,
				3C7CBA6A25F92B641A21FA0C /* Frameworks */,
			);
			sourceTree = "<group>";
		};
		846DE70129A73530004B494D /* Products */ = {
			isa = PBXGroup;
			children = (
				846DE70029A73530004B494D /* Project2.app */,
			);
			name = Products;
			sourceTree = "<group>";
		};
		846DE70229A73530004B494D /* Project2 */ = {
			isa = PBXGroup;
			children = (
				846DE70329A73530004B494D /* AppDelegate.swift */,
				846DE70529A73530004B494D /* SceneDelegate.swift */,
				846DE71729A73883004B494D /* View */,
				840D1DB429AC8EF00094282B /* Controller */,
				846DE70C29A7354A004B494D /* Assets.xcassets */,
				846DE70E29A7354A004B494D /* LaunchScreen.storyboard */,
				846DE71129A7354A004B494D /* Info.plist */,
			);
			path = Project2;
			sourceTree = "<group>";
		};
		846DE71729A73883004B494D /* View */ = {
			isa = PBXGroup;
			children = (
				846DE71829A73C76004B494D /* MyTableViewCell.swift */,
				840D1DB229AC697F0094282B /* SetionHeaderView.swift */,
				840D1DB529ACBA850094282B /* MyCollectionViewCell.swift */,
			);
			path = View;
			sourceTree = "<group>";
		};
		F056DF751874B2B3A124489A /* Pods */ = {
			isa = PBXGroup;
			children = (
				E54AAC5B02D80E5BE4733F51 /* Pods-Project2.debug.xcconfig */,
				2D648C4FDDB7785EB1B6CC8B /* Pods-Project2.release.xcconfig */,
			);
			path = Pods;
			sourceTree = "<group>";
		};
/* End PBXGroup section */

/* Begin PBXNativeTarget section */
		846DE6FF29A73530004B494D /* Project2 */ = {
			isa = PBXNativeTarget;
			buildConfigurationList = 846DE71429A7354A004B494D /* Build configuration list for PBXNativeTarget "Project2" */;
			buildPhases = (
				96465C7430D8EBB125514244 /* [CP] Check Pods Manifest.lock */,
				846DE6FC29A73530004B494D /* Sources */,
				846DE6FD29A73530004B494D /* Frameworks */,
				846DE6FE29A73530004B494D /* Resources */,
				8EA3112F2342CEC3654BEF28 /* [CP] Embed Pods Frameworks */,
			);
			buildRules = (
			);
			dependencies = (
			);
			name = Project2;
			productName = Project2;
			productReference = 846DE70029A73530004B494D /* Project2.app */;
			productType = "com.apple.product-type.application";
		};
/* End PBXNativeTarget section */

/* Begin PBXProject section */
		846DE6F829A73530004B494D /* Project object */ = {
			isa = PBXProject;
			attributes = {
				LastSwiftUpdateCheck = 1250;
				LastUpgradeCheck = 1250;
				TargetAttributes = {
					846DE6FF29A73530004B494D = {
						CreatedOnToolsVersion = 12.5.1;
					};
				};
			};
			buildConfigurationList = 846DE6FB29A73530004B494D /* Build configuration list for PBXProject "Project2" */;
			compatibilityVersion = "Xcode 9.3";
			developmentRegion = en;
			hasScannedForEncodings = 0;
			knownRegions = (
				en,
				Base,
			);
			mainGroup = 846DE6F729A73530004B494D;
			productRefGroup = 846DE70129A73530004B494D /* Products */;
			projectDirPath = "";
			projectRoot = "";
			targets = (
				846DE6FF29A73530004B494D /* Project2 */,
			);
		};
/* End PBXProject section */

/* Begin PBXResourcesBuildPhase section */
		846DE6FE29A73530004B494D /* Resources */ = {
			isa = PBXResourcesBuildPhase;
			buildActionMask = 2147483647;
			files = (
				846DE71029A7354A004B494D /* LaunchScreen.storyboard in Resources */,
				846DE70D29A7354A004B494D /* Assets.xcassets in Resources */,
			);
			runOnlyForDeploymentPostprocessing = 0;
		};
/* End PBXResourcesBuildPhase section */

/* Begin PBXShellScriptBuildPhase section */
		8EA3112F2342CEC3654BEF28 /* [CP] Embed Pods Frameworks */ = {
			isa = PBXShellScriptBuildPhase;
			buildActionMask = 2147483647;
			files = (
			);
			inputFileListPaths = (
				"${PODS_ROOT}/Target Support Files/Pods-Project2/Pods-Project2-frameworks-${CONFIGURATION}-input-files.xcfilelist",
			);
			name = "[CP] Embed Pods Frameworks";
			outputFileListPaths = (
				"${PODS_ROOT}/Target Support Files/Pods-Project2/Pods-Project2-frameworks-${CONFIGURATION}-output-files.xcfilelist",
			);
			runOnlyForDeploymentPostprocessing = 0;
			shellPath = /bin/sh;
			shellScript = "\"${PODS_ROOT}/Target Support Files/Pods-Project2/Pods-Project2-frameworks.sh\"\n";
			showEnvVarsInLog = 0;
		};
		96465C7430D8EBB125514244 /* [CP] Check Pods Manifest.lock */ = {
			isa = PBXShellScriptBuildPhase;
			buildActionMask = 2147483647;
			files = (
			);
			inputFileListPaths = (
			);
			inputPaths = (
				"${PODS_PODFILE_DIR_PATH}/Podfile.lock",
				"${PODS_ROOT}/Manifest.lock",
			);
			name = "[CP] Check Pods Manifest.lock";
			outputFileListPaths = (
			);
			outputPaths = (
				"$(DERIVED_FILE_DIR)/Pods-Project2-checkManifestLockResult.txt",
			);
			runOnlyForDeploymentPostprocessing = 0;
			shellPath = /bin/sh;
			shellScript = "diff \"${PODS_PODFILE_DIR_PATH}/Podfile.lock\" \"${PODS_ROOT}/Manifest.lock\" > /dev/null\nif [ $? != 0 ] ; then\n    # print error to STDERR\n    echo \"error: The sandbox is not in sync with the Podfile.lock. Run 'pod install' or update your CocoaPods installation.\" >&2\n    exit 1\nfi\n# This output is used by Xcode 'outputs' to avoid re-running this script phase.\necho \"SUCCESS\" > \"${SCRIPT_OUTPUT_FILE_0}\"\n";
			showEnvVarsInLog = 0;
		};
/* End PBXShellScriptBuildPhase section */

/* Begin PBXSourcesBuildPhase section */
		846DE6FC29A73530004B494D /* Sources */ = {
			isa = PBXSourcesBuildPhase;
			buildActionMask = 2147483647;
			files = (
				840D1DB629ACBA850094282B /* MyCollectionViewCell.swift in Sources */,
				846DE70829A73530004B494D /* ViewController.swift in Sources */,
				846DE71929A73C76004B494D /* MyTableViewCell.swift in Sources */,
				846DE70429A73530004B494D /* AppDelegate.swift in Sources */,
				846DE70629A73530004B494D /* SceneDelegate.swift in Sources */,
				840D1DB329AC697F0094282B /* SetionHeaderView.swift in Sources */,
			);
			runOnlyForDeploymentPostprocessing = 0;
		};
/* End PBXSourcesBuildPhase section */

/* Begin PBXVariantGroup section */
		846DE70E29A7354A004B494D /* LaunchScreen.storyboard */ = {
			isa = PBXVariantGroup;
			children = (
				846DE70F29A7354A004B494D /* Base */,
			);
			name = LaunchScreen.storyboard;
			sourceTree = "<group>";
		};
/* End PBXVariantGroup section */

/* Begin XCBuildConfiguration section */
		846DE71229A7354A004B494D /* Debug */ = {
			isa = XCBuildConfiguration;
			buildSettings = {
				ALWAYS_SEARCH_USER_PATHS = NO;
				CLANG_ANALYZER_NONNULL = YES;
				CLANG_ANALYZER_NUMBER_OBJECT_CONVERSION = YES_AGGRESSIVE;
				CLANG_CXX_LANGUAGE_STANDARD = "gnu++14";
				CLANG_CXX_LIBRARY = "libc++";
				CLANG_ENABLE_MODULES = YES;
				CLANG_ENABLE_OBJC_ARC = YES;
				CLANG_ENABLE_OBJC_WEAK = YES;
				CLANG_WARN_BLOCK_CAPTURE_AUTORELEASING = YES;
				CLANG_WARN_BOOL_CONVERSION = YES;
				CLANG_WARN_COMMA = YES;
				CLANG_WARN_CONSTANT_CONVERSION = YES;
				CLANG_WARN_DEPRECATED_OBJC_IMPLEMENTATIONS = YES;
				CLANG_WARN_DIRECT_OBJC_ISA_USAGE = YES_ERROR;
				CLANG_WARN_DOCUMENTATION_COMMENTS = YES;
				CLANG_WARN_EMPTY_BODY = YES;
				CLANG_WARN_ENUM_CONVERSION = YES;
				CLANG_WARN_INFINITE_RECURSION = YES;
				CLANG_WARN_INT_CONVERSION = YES;
				CLANG_WARN_NON_LITERAL_NULL_CONVERSION = YES;
				CLANG_WARN_OBJC_IMPLICIT_RETAIN_SELF = YES;
				CLANG_WARN_OBJC_LITERAL_CONVERSION = YES;
				CLANG_WARN_OBJC_ROOT_CLASS = YES_ERROR;
				CLANG_WARN_QUOTED_INCLUDE_IN_FRAMEWORK_HEADER = YES;
				CLANG_WARN_RANGE_LOOP_ANALYSIS = YES;
				CLANG_WARN_STRICT_PROTOTYPES = YES;
				CLANG_WARN_SUSPICIOUS_MOVE = YES;
				CLANG_WARN_UNGUARDED_AVAILABILITY = YES_AGGRESSIVE;
				CLANG_WARN_UNREACHABLE_CODE = YES;
				CLANG_WARN__DUPLICATE_METHOD_MATCH = YES;
				COPY_PHASE_STRIP = NO;
				DEBUG_INFORMATION_FORMAT = dwarf;
				ENABLE_STRICT_OBJC_MSGSEND = YES;
				ENABLE_TESTABILITY = YES;
				GCC_C_LANGUAGE_STANDARD = gnu11;
				GCC_DYNAMIC_NO_PIC = NO;
				GCC_NO_COMMON_BLOCKS = YES;
				GCC_OPTIMIZATION_LEVEL = 0;
				GCC_PREPROCESSOR_DEFINITIONS = (
					"DEBUG=1",
					"$(inherited)",
				);
				GCC_WARN_64_TO_32_BIT_CONVERSION = YES;
				GCC_WARN_ABOUT_RETURN_TYPE = YES_ERROR;
				GCC_WARN_UNDECLARED_SELECTOR = YES;
				GCC_WARN_UNINITIALIZED_AUTOS = YES_AGGRESSIVE;
				GCC_WARN_UNUSED_FUNCTION = YES;
				GCC_WARN_UNUSED_VARIABLE = YES;
				IPHONEOS_DEPLOYMENT_TARGET = 14.5;
				MTL_ENABLE_DEBUG_INFO = INCLUDE_SOURCE;
				MTL_FAST_MATH = YES;
				ONLY_ACTIVE_ARCH = YES;
				SDKROOT = iphoneos;
				SWIFT_ACTIVE_COMPILATION_CONDITIONS = DEBUG;
				SWIFT_OPTIMIZATION_LEVEL = "-Onone";
			};
			name = Debug;
		};
		846DE71329A7354A004B494D /* Release */ = {
			isa = XCBuildConfiguration;
			buildSettings = {
				ALWAYS_SEARCH_USER_PATHS = NO;
				CLANG_ANALYZER_NONNULL = YES;
				CLANG_ANALYZER_NUMBER_OBJECT_CONVERSION = YES_AGGRESSIVE;
				CLANG_CXX_LANGUAGE_STANDARD = "gnu++14";
				CLANG_CXX_LIBRARY = "libc++";
				CLANG_ENABLE_MODULES = YES;
				CLANG_ENABLE_OBJC_ARC = YES;
				CLANG_ENABLE_OBJC_WEAK = YES;
				CLANG_WARN_BLOCK_CAPTURE_AUTORELEASING = YES;
				CLANG_WARN_BOOL_CONVERSION = YES;
				CLANG_WARN_COMMA = YES;
				CLANG_WARN_CONSTANT_CONVERSION = YES;
				CLANG_WARN_DEPRECATED_OBJC_IMPLEMENTATIONS = YES;
				CLANG_WARN_DIRECT_OBJC_ISA_USAGE = YES_ERROR;
				CLANG_WARN_DOCUMENTATION_COMMENTS = YES;
				CLANG_WARN_EMPTY_BODY = YES;
				CLANG_WARN_ENUM_CONVERSION = YES;
				CLANG_WARN_INFINITE_RECURSION = YES;
				CLANG_WARN_INT_CONVERSION = YES;
				CLANG_WARN_NON_LITERAL_NULL_CONVERSION = YES;
				CLANG_WARN_OBJC_IMPLICIT_RETAIN_SELF = YES;
				CLANG_WARN_OBJC_LITERAL_CONVERSION = YES;
				CLANG_WARN_OBJC_ROOT_CLASS = YES_ERROR;
				CLANG_WARN_QUOTED_INCLUDE_IN_FRAMEWORK_HEADER = YES;
				CLANG_WARN_RANGE_LOOP_ANALYSIS = YES;
				CLANG_WARN_STRICT_PROTOTYPES = YES;
				CLANG_WARN_SUSPICIOUS_MOVE = YES;
				CLANG_WARN_UNGUARDED_AVAILABILITY = YES_AGGRESSIVE;
				CLANG_WARN_UNREACHABLE_CODE = YES;
				CLANG_WARN__DUPLICATE_METHOD_MATCH = YES;
				COPY_PHASE_STRIP = NO;
				DEBUG_INFORMATION_FORMAT = "dwarf-with-dsym";
				ENABLE_NS_ASSERTIONS = NO;
				ENABLE_STRICT_OBJC_MSGSEND = YES;
				GCC_C_LANGUAGE_STANDARD = gnu11;
				GCC_NO_COMMON_BLOCKS = YES;
				GCC_WARN_64_TO_32_BIT_CONVERSION = YES;
				GCC_WARN_ABOUT_RETURN_TYPE = YES_ERROR;
				GCC_WARN_UNDECLARED_SELECTOR = YES;
				GCC_WARN_UNINITIALIZED_AUTOS = YES_AGGRESSIVE;
				GCC_WARN_UNUSED_FUNCTION = YES;
				GCC_WARN_UNUSED_VARIABLE = YES;
				IPHONEOS_DEPLOYMENT_TARGET = 14.5;
				MTL_ENABLE_DEBUG_INFO = NO;
				MTL_FAST_MATH = YES;
				SDKROOT = iphoneos;
				SWIFT_COMPILATION_MODE = wholemodule;
				SWIFT_OPTIMIZATION_LEVEL = "-O";
				VALIDATE_PRODUCT = YES;
			};
			name = Release;
		};
		846DE71529A7354A004B494D /* Debug */ = {
			isa = XCBuildConfiguration;
			baseConfigurationReference = E54AAC5B02D80E5BE4733F51 /* Pods-Project2.debug.xcconfig */;
			buildSettings = {
				ASSETCATALOG_COMPILER_APPICON_NAME = AppIcon;
				ASSETCATALOG_COMPILER_GLOBAL_ACCENT_COLOR_NAME = AccentColor;
				CODE_SIGN_STYLE = Automatic;
				DEVELOPMENT_TEAM = L3N8NDWZJN;
				INFOPLIST_FILE = Project2/Info.plist;
				LD_RUNPATH_SEARCH_PATHS = (
					"$(inherited)",
					"@executable_path/Frameworks",
				);
				PRODUCT_BUNDLE_IDENTIFIER = sdu.edu.arujan.kz.Project2;
				PRODUCT_NAME = "$(TARGET_NAME)";
				SWIFT_VERSION = 5.0;
				TARGETED_DEVICE_FAMILY = "1,2";
			};
			name = Debug;
		};
		846DE71629A7354A004B494D /* Release */ = {
			isa = XCBuildConfiguration;
			baseConfigurationReference = 2D648C4FDDB7785EB1B6CC8B /* Pods-Project2.release.xcconfig */;
			buildSettings = {
				ASSETCATALOG_COMPILER_APPICON_NAME = AppIcon;
				ASSETCATALOG_COMPILER_GLOBAL_ACCENT_COLOR_NAME = AccentColor;
				CODE_SIGN_STYLE = Automatic;
				DEVELOPMENT_TEAM = L3N8NDWZJN;
				INFOPLIST_FILE = Project2/Info.plist;
				LD_RUNPATH_SEARCH_PATHS = (
					"$(inherited)",
					"@executable_path/Frameworks",
				);
				PRODUCT_BUNDLE_IDENTIFIER = sdu.edu.arujan.kz.Project2;
				PRODUCT_NAME = "$(TARGET_NAME)";
				SWIFT_VERSION = 5.0;
				TARGETED_DEVICE_FAMILY = "1,2";
			};
			name = Release;
		};
/* End XCBuildConfiguration section */

/* Begin XCConfigurationList section */
		846DE6FB29A73530004B494D /* Build configuration list for PBXProject "Project2" */ = {
			isa = XCConfigurationList;
			buildConfigurations = (
				846DE71229A7354A004B494D /* Debug */,
				846DE71329A7354A004B494D /* Release */,
			);
			defaultConfigurationIsVisible = 0;
			defaultConfigurationName = Release;
		};
		846DE71429A7354A004B494D /* Build configuration list for PBXNativeTarget "Project2" */ = {
			isa = XCConfigurationList;
			buildConfigurations = (
				846DE71529A7354A004B494D /* Debug */,
				846DE71629A7354A004B494D /* Release */,
			);
			defaultConfigurationIsVisible = 0;
			defaultConfigurationName = Release;
		};
/* End XCConfigurationList section */
	};
	rootObject = 846DE6F829A73530004B494D /* Project object */;
}
