// !$*UTF8*$!
{
	archiveVersion = 1;
	classes = {
	};
	objectVersion = 51;
	objects = {

/* Begin PBXBuildFile section */
		84669A7C29ADC913001B8707 /* AppDelegate.swift in Sources */ = {isa = PBXBuildFile; fileRef = 84669A7B29ADC913001B8707 /* AppDelegate.swift */; };
		84669A7E29ADC913001B8707 /* SceneDelegate.swift in Sources */ = {isa = PBXBuildFile; fileRef = 84669A7D29ADC913001B8707 /* SceneDelegate.swift */; };
		84669A8029ADC913001B8707 /* ViewController.swift in Sources */ = {isa = PBXBuildFile; fileRef = 84669A7F29ADC913001B8707 /* ViewController.swift */; };
		84669A8529ADC91C001B8707 /* Assets.xcassets in Resources */ = {isa = PBXBuildFile; fileRef = 84669A8429ADC91C001B8707 /* Assets.xcassets */; };
		84669A8829ADC91C001B8707 /* LaunchScreen.storyboard in Resources */ = {isa = PBXBuildFile; fileRef = 84669A8629ADC91C001B8707 /* LaunchScreen.storyboard */; };
		84669A9029ADE3C0001B8707 /* MyTableViewCell.swift in Sources */ = {isa = PBXBuildFile; fileRef = 84669A8F29ADE3C0001B8707 /* MyTableViewCell.swift */; };
		C41B4A0A698778DFA9B9BA16 /* Pods_LiveScore_SDU.framework in Frameworks */ = {isa = PBXBuildFile; fileRef = A3D74309E27980AB4DE5DA58 /* Pods_LiveScore_SDU.framework */; };
/* End PBXBuildFile section */

/* Begin PBXFileReference section */
		821D360ACCA99C5642BB45E5 /* Pods-LiveScore SDU.release.xcconfig */ = {isa = PBXFileReference; includeInIndex = 1; lastKnownFileType = text.xcconfig; name = "Pods-LiveScore SDU.release.xcconfig"; path = "Target Support Files/Pods-LiveScore SDU/Pods-LiveScore SDU.release.xcconfig"; sourceTree = "<group>"; };
		84669A7829ADC913001B8707 /* LiveScore SDU.app */ = {isa = PBXFileReference; explicitFileType = wrapper.application; includeInIndex = 0; path = "LiveScore SDU.app"; sourceTree = BUILT_PRODUCTS_DIR; };
		84669A7B29ADC913001B8707 /* AppDelegate.swift */ = {isa = PBXFileReference; lastKnownFileType = sourcecode.swift; path = AppDelegate.swift; sourceTree = "<group>"; };
		84669A7D29ADC913001B8707 /* SceneDelegate.swift */ = {isa = PBXFileReference; lastKnownFileType = sourcecode.swift; path = SceneDelegate.swift; sourceTree = "<group>"; };
		84669A7F29ADC913001B8707 /* ViewController.swift */ = {isa = PBXFileReference; lastKnownFileType = sourcecode.swift; path = ViewController.swift; sourceTree = "<group>"; };
		84669A8429ADC91C001B8707 /* Assets.xcassets */ = {isa = PBXFileReference; lastKnownFileType = folder.assetcatalog; path = Assets.xcassets; sourceTree = "<group>"; };
		84669A8729ADC91C001B8707 /* Base */ = {isa = PBXFileReference; lastKnownFileType = file.storyboard; name = Base; path = Base.lproj/LaunchScreen.storyboard; sourceTree = "<group>"; };
		84669A8929ADC91C001B8707 /* Info.plist */ = {isa = PBXFileReference; lastKnownFileType = text.plist.xml; path = Info.plist; sourceTree = "<group>"; };
		84669A8F29ADE3C0001B8707 /* MyTableViewCell.swift */ = {isa = PBXFileReference; lastKnownFileType = sourcecode.swift; path = MyTableViewCell.swift; sourceTree = "<group>"; };
		87FE032A5F3D6A5D7BC3C428 /* Pods-LiveScore SDU.debug.xcconfig */ = {isa = PBXFileReference; includeInIndex = 1; lastKnownFileType = text.xcconfig; name = "Pods-LiveScore SDU.debug.xcconfig"; path = "Target Support Files/Pods-LiveScore SDU/Pods-LiveScore SDU.debug.xcconfig"; sourceTree = "<group>"; };
		A3D74309E27980AB4DE5DA58 /* Pods_LiveScore_SDU.framework */ = {isa = PBXFileReference; explicitFileType = wrapper.framework; includeInIndex = 0; path = Pods_LiveScore_SDU.framework; sourceTree = BUILT_PRODUCTS_DIR; };
/* End PBXFileReference section */

/* Begin PBXFrameworksBuildPhase section */
		84669A7529ADC913001B8707 /* Frameworks */ = {
			isa = PBXFrameworksBuildPhase;
			buildActionMask = 2147483647;
			files = (
				C41B4A0A698778DFA9B9BA16 /* Pods_LiveScore_SDU.framework in Frameworks */,
			);
			runOnlyForDeploymentPostprocessing = 0;
		};
/* End PBXFrameworksBuildPhase section */

/* Begin PBXGroup section */
		53AE0AF83E59972E79548B98 /* Frameworks */ = {
			isa = PBXGroup;
			children = (
				A3D74309E27980AB4DE5DA58 /* Pods_LiveScore_SDU.framework */,
			);
			name = Frameworks;
			sourceTree = "<group>";
		};
		84669A6F29ADC913001B8707 = {
			isa = PBXGroup;
			children = (
				84669A7A29ADC913001B8707 /* LiveScore SDU */,
				84669A7929ADC913001B8707 /* Products */,
				91933F9E5C93C7955791A71A /* Pods */,
				53AE0AF83E59972E79548B98 /* Frameworks */,
			);
			sourceTree = "<group>";
		};
		84669A7929ADC913001B8707 /* Products */ = {
			isa = PBXGroup;
			children = (
				84669A7829ADC913001B8707 /* LiveScore SDU.app */,
			);
			name = Products;
			sourceTree = "<group>";
		};
		84669A7A29ADC913001B8707 /* LiveScore SDU */ = {
			isa = PBXGroup;
			children = (
				84669A7B29ADC913001B8707 /* AppDelegate.swift */,
				84669A7D29ADC913001B8707 /* SceneDelegate.swift */,
				84669A7F29ADC913001B8707 /* ViewController.swift */,
				84669A9129ADE3C4001B8707 /* View */,
				84669A8429ADC91C001B8707 /* Assets.xcassets */,
				84669A8629ADC91C001B8707 /* LaunchScreen.storyboard */,
				84669A8929ADC91C001B8707 /* Info.plist */,
			);
			path = "LiveScore SDU";
			sourceTree = "<group>";
		};
		84669A9129ADE3C4001B8707 /* View */ = {
			isa = PBXGroup;
			children = (
				84669A8F29ADE3C0001B8707 /* MyTableViewCell.swift */,
			);
			path = View;
			sourceTree = "<group>";
		};
		91933F9E5C93C7955791A71A /* Pods */ = {
			isa = PBXGroup;
			children = (
				87FE032A5F3D6A5D7BC3C428 /* Pods-LiveScore SDU.debug.xcconfig */,
				821D360ACCA99C5642BB45E5 /* Pods-LiveScore SDU.release.xcconfig */,
			);
			path = Pods;
			sourceTree = "<group>";
		};
/* End PBXGroup section */

/* Begin PBXNativeTarget section */
		84669A7729ADC913001B8707 /* LiveScore SDU */ = {
			isa = PBXNativeTarget;
			buildConfigurationList = 84669A8C29ADC91C001B8707 /* Build configuration list for PBXNativeTarget "LiveScore SDU" */;
			buildPhases = (
				F1535CA4D3894F70FC791E99 /* [CP] Check Pods Manifest.lock */,
				84669A7429ADC913001B8707 /* Sources */,
				84669A7529ADC913001B8707 /* Frameworks */,
				84669A7629ADC913001B8707 /* Resources */,
				39BDEDD27434F4BC330EFF0F /* [CP] Embed Pods Frameworks */,
			);
			buildRules = (
			);
			dependencies = (
			);
			name = "LiveScore SDU";
			productName = "LiveScore SDU";
			productReference = 84669A7829ADC913001B8707 /* LiveScore SDU.app */;
			productType = "com.apple.product-type.application";
		};
/* End PBXNativeTarget section */

/* Begin PBXProject section */
		84669A7029ADC913001B8707 /* Project object */ = {
			isa = PBXProject;
			attributes = {
				LastSwiftUpdateCheck = 1250;
				LastUpgradeCheck = 1250;
				TargetAttributes = {
					84669A7729ADC913001B8707 = {
						CreatedOnToolsVersion = 12.5.1;
					};
				};
			};
			buildConfigurationList = 84669A7329ADC913001B8707 /* Build configuration list for PBXProject "LiveScore SDU" */;
			compatibilityVersion = "Xcode 9.3";
			developmentRegion = en;
			hasScannedForEncodings = 0;
			knownRegions = (
				en,
				Base,
			);
			mainGroup = 84669A6F29ADC913001B8707;
			productRefGroup = 84669A7929ADC913001B8707 /* Products */;
			projectDirPath = "";
			projectRoot = "";
			targets = (
				84669A7729ADC913001B8707 /* LiveScore SDU */,
			);
		};
/* End PBXProject section */

/* Begin PBXResourcesBuildPhase section */
		84669A7629ADC913001B8707 /* Resources */ = {
			isa = PBXResourcesBuildPhase;
			buildActionMask = 2147483647;
			files = (
				84669A8829ADC91C001B8707 /* LaunchScreen.storyboard in Resources */,
				84669A8529ADC91C001B8707 /* Assets.xcassets in Resources */,
			);
			runOnlyForDeploymentPostprocessing = 0;
		};
/* End PBXResourcesBuildPhase section */

/* Begin PBXShellScriptBuildPhase section */
		39BDEDD27434F4BC330EFF0F /* [CP] Embed Pods Frameworks */ = {
			isa = PBXShellScriptBuildPhase;
			buildActionMask = 2147483647;
			files = (
			);
			inputFileListPaths = (
				"${PODS_ROOT}/Target Support Files/Pods-LiveScore SDU/Pods-LiveScore SDU-frameworks-${CONFIGURATION}-input-files.xcfilelist",
			);
			name = "[CP] Embed Pods Frameworks";
			outputFileListPaths = (
				"${PODS_ROOT}/Target Support Files/Pods-LiveScore SDU/Pods-LiveScore SDU-frameworks-${CONFIGURATION}-output-files.xcfilelist",
			);
			runOnlyForDeploymentPostprocessing = 0;
			shellPath = /bin/sh;
			shellScript = "\"${PODS_ROOT}/Target Support Files/Pods-LiveScore SDU/Pods-LiveScore SDU-frameworks.sh\"\n";
			showEnvVarsInLog = 0;
		};
		F1535CA4D3894F70FC791E99 /* [CP] Check Pods Manifest.lock */ = {
			isa = PBXShellScriptBuildPhase;
			buildActionMask = 2147483647;
			files = (
			);
			inputFileListPaths = (
			);
			inputPaths = (
				"${PODS_PODFILE_DIR_PATH}/Podfile.lock",
				"${PODS_ROOT}/Manifest.lock",
			);
			name = "[CP] Check Pods Manifest.lock";
			outputFileListPaths = (
			);
			outputPaths = (
				"$(DERIVED_FILE_DIR)/Pods-LiveScore SDU-checkManifestLockResult.txt",
			);
			runOnlyForDeploymentPostprocessing = 0;
			shellPath = /bin/sh;
			shellScript = "diff \"${PODS_PODFILE_DIR_PATH}/Podfile.lock\" \"${PODS_ROOT}/Manifest.lock\" > /dev/null\nif [ $? != 0 ] ; then\n    # print error to STDERR\n    echo \"error: The sandbox is not in sync with the Podfile.lock. Run 'pod install' or update your CocoaPods installation.\" >&2\n    exit 1\nfi\n# This output is used by Xcode 'outputs' to avoid re-running this script phase.\necho \"SUCCESS\" > \"${SCRIPT_OUTPUT_FILE_0}\"\n";
			showEnvVarsInLog = 0;
		};
/* End PBXShellScriptBuildPhase section */

/* Begin PBXSourcesBuildPhase section */
		84669A7429ADC913001B8707 /* Sources */ = {
			isa = PBXSourcesBuildPhase;
			buildActionMask = 2147483647;
			files = (
				84669A8029ADC913001B8707 /* ViewController.swift in Sources */,
				84669A9029ADE3C0001B8707 /* MyTableViewCell.swift in Sources */,
				84669A7C29ADC913001B8707 /* AppDelegate.swift in Sources */,
				84669A7E29ADC913001B8707 /* SceneDelegate.swift in Sources */,
			);
			runOnlyForDeploymentPostprocessing = 0;
		};
/* End PBXSourcesBuildPhase section */

/* Begin PBXVariantGroup section */
		84669A8629ADC91C001B8707 /* LaunchScreen.storyboard */ = {
			isa = PBXVariantGroup;
			children = (
				84669A8729ADC91C001B8707 /* Base */,
			);
			name = LaunchScreen.storyboard;
			sourceTree = "<group>";
		};
/* End PBXVariantGroup section */

/* Begin XCBuildConfiguration section */
		84669A8A29ADC91C001B8707 /* Debug */ = {
			isa = XCBuildConfiguration;
			buildSettings = {
				ALWAYS_SEARCH_USER_PATHS = NO;
				CLANG_ANALYZER_NONNULL = YES;
				CLANG_ANALYZER_NUMBER_OBJECT_CONVERSION = YES_AGGRESSIVE;
				CLANG_CXX_LANGUAGE_STANDARD = "gnu++14";
				CLANG_CXX_LIBRARY = "libc++";
				CLANG_ENABLE_MODULES = YES;
				CLANG_ENABLE_OBJC_ARC = YES;
				CLANG_ENABLE_OBJC_WEAK = YES;
				CLANG_WARN_BLOCK_CAPTURE_AUTORELEASING = YES;
				CLANG_WARN_BOOL_CONVERSION = YES;
				CLANG_WARN_COMMA = YES;
				CLANG_WARN_CONSTANT_CONVERSION = YES;
				CLANG_WARN_DEPRECATED_OBJC_IMPLEMENTATIONS = YES;
				CLANG_WARN_DIRECT_OBJC_ISA_USAGE = YES_ERROR;
				CLANG_WARN_DOCUMENTATION_COMMENTS = YES;
				CLANG_WARN_EMPTY_BODY = YES;
				CLANG_WARN_ENUM_CONVERSION = YES;
				CLANG_WARN_INFINITE_RECURSION = YES;
				CLANG_WARN_INT_CONVERSION = YES;
				CLANG_WARN_NON_LITERAL_NULL_CONVERSION = YES;
				CLANG_WARN_OBJC_IMPLICIT_RETAIN_SELF = YES;
				CLANG_WARN_OBJC_LITERAL_CONVERSION = YES;
				CLANG_WARN_OBJC_ROOT_CLASS = YES_ERROR;
				CLANG_WARN_QUOTED_INCLUDE_IN_FRAMEWORK_HEADER = YES;
				CLANG_WARN_RANGE_LOOP_ANALYSIS = YES;
				CLANG_WARN_STRICT_PROTOTYPES = YES;
				CLANG_WARN_SUSPICIOUS_MOVE = YES;
				CLANG_WARN_UNGUARDED_AVAILABILITY = YES_AGGRESSIVE;
				CLANG_WARN_UNREACHABLE_CODE = YES;
				CLANG_WARN__DUPLICATE_METHOD_MATCH = YES;
				COPY_PHASE_STRIP = NO;
				DEBUG_INFORMATION_FORMAT = dwarf;
				ENABLE_STRICT_OBJC_MSGSEND = YES;
				ENABLE_TESTABILITY = YES;
				GCC_C_LANGUAGE_STANDARD = gnu11;
				GCC_DYNAMIC_NO_PIC = NO;
				GCC_NO_COMMON_BLOCKS = YES;
				GCC_OPTIMIZATION_LEVEL = 0;
				GCC_PREPROCESSOR_DEFINITIONS = (
					"DEBUG=1",
					"$(inherited)",
				);
				GCC_WARN_64_TO_32_BIT_CONVERSION = YES;
				GCC_WARN_ABOUT_RETURN_TYPE = YES_ERROR;
				GCC_WARN_UNDECLARED_SELECTOR = YES;
				GCC_WARN_UNINITIALIZED_AUTOS = YES_AGGRESSIVE;
				GCC_WARN_UNUSED_FUNCTION = YES;
				GCC_WARN_UNUSED_VARIABLE = YES;
				IPHONEOS_DEPLOYMENT_TARGET = 14.5;
				MTL_ENABLE_DEBUG_INFO = INCLUDE_SOURCE;
				MTL_FAST_MATH = YES;
				ONLY_ACTIVE_ARCH = YES;
				SDKROOT = iphoneos;
				SWIFT_ACTIVE_COMPILATION_CONDITIONS = DEBUG;
				SWIFT_OPTIMIZATION_LEVEL = "-Onone";
			};
			name = Debug;
		};
		84669A8B29ADC91C001B8707 /* Release */ = {
			isa = XCBuildConfiguration;
			buildSettings = {
				ALWAYS_SEARCH_USER_PATHS = NO;
				CLANG_ANALYZER_NONNULL = YES;
				CLANG_ANALYZER_NUMBER_OBJECT_CONVERSION = YES_AGGRESSIVE;
				CLANG_CXX_LANGUAGE_STANDARD = "gnu++14";
				CLANG_CXX_LIBRARY = "libc++";
				CLANG_ENABLE_MODULES = YES;
				CLANG_ENABLE_OBJC_ARC = YES;
				CLANG_ENABLE_OBJC_WEAK = YES;
				CLANG_WARN_BLOCK_CAPTURE_AUTORELEASING = YES;
				CLANG_WARN_BOOL_CONVERSION = YES;
				CLANG_WARN_COMMA = YES;
				CLANG_WARN_CONSTANT_CONVERSION = YES;
				CLANG_WARN_DEPRECATED_OBJC_IMPLEMENTATIONS = YES;
				CLANG_WARN_DIRECT_OBJC_ISA_USAGE = YES_ERROR;
				CLANG_WARN_DOCUMENTATION_COMMENTS = YES;
				CLANG_WARN_EMPTY_BODY = YES;
				CLANG_WARN_ENUM_CONVERSION = YES;
				CLANG_WARN_INFINITE_RECURSION = YES;
				CLANG_WARN_INT_CONVERSION = YES;
				CLANG_WARN_NON_LITERAL_NULL_CONVERSION = YES;
				CLANG_WARN_OBJC_IMPLICIT_RETAIN_SELF = YES;
				CLANG_WARN_OBJC_LITERAL_CONVERSION = YES;
				CLANG_WARN_OBJC_ROOT_CLASS = YES_ERROR;
				CLANG_WARN_QUOTED_INCLUDE_IN_FRAMEWORK_HEADER = YES;
				CLANG_WARN_RANGE_LOOP_ANALYSIS = YES;
				CLANG_WARN_STRICT_PROTOTYPES = YES;
				CLANG_WARN_SUSPICIOUS_MOVE = YES;
				CLANG_WARN_UNGUARDED_AVAILABILITY = YES_AGGRESSIVE;
				CLANG_WARN_UNREACHABLE_CODE = YES;
				CLANG_WARN__DUPLICATE_METHOD_MATCH = YES;
				COPY_PHASE_STRIP = NO;
				DEBUG_INFORMATION_FORMAT = "dwarf-with-dsym";
				ENABLE_NS_ASSERTIONS = NO;
				ENABLE_STRICT_OBJC_MSGSEND = YES;
				GCC_C_LANGUAGE_STANDARD = gnu11;
				GCC_NO_COMMON_BLOCKS = YES;
				GCC_WARN_64_TO_32_BIT_CONVERSION = YES;
				GCC_WARN_ABOUT_RETURN_TYPE = YES_ERROR;
				GCC_WARN_UNDECLARED_SELECTOR = YES;
				GCC_WARN_UNINITIALIZED_AUTOS = YES_AGGRESSIVE;
				GCC_WARN_UNUSED_FUNCTION = YES;
				GCC_WARN_UNUSED_VARIABLE = YES;
				IPHONEOS_DEPLOYMENT_TARGET = 14.5;
				MTL_ENABLE_DEBUG_INFO = NO;
				MTL_FAST_MATH = YES;
				SDKROOT = iphoneos;
				SWIFT_COMPILATION_MODE = wholemodule;
				SWIFT_OPTIMIZATION_LEVEL = "-O";
				VALIDATE_PRODUCT = YES;
			};
			name = Release;
		};
		84669A8D29ADC91C001B8707 /* Debug */ = {
			isa = XCBuildConfiguration;
			baseConfigurationReference = 87FE032A5F3D6A5D7BC3C428 /* Pods-LiveScore SDU.debug.xcconfig */;
			buildSettings = {
				ASSETCATALOG_COMPILER_APPICON_NAME = AppIcon;
				ASSETCATALOG_COMPILER_GLOBAL_ACCENT_COLOR_NAME = AccentColor;
				CODE_SIGN_STYLE = Automatic;
				DEVELOPMENT_TEAM = L3N8NDWZJN;
				INFOPLIST_FILE = "LiveScore SDU/Info.plist";
				LD_RUNPATH_SEARCH_PATHS = (
					"$(inherited)",
					"@executable_path/Frameworks",
				);
				PRODUCT_BUNDLE_IDENTIFIER = "sdu.edu.arujan.kz.LiveScore-SDU";
				PRODUCT_NAME = "$(TARGET_NAME)";
				SWIFT_VERSION = 5.0;
				TARGETED_DEVICE_FAMILY = "1,2";
			};
			name = Debug;
		};
		84669A8E29ADC91C001B8707 /* Release */ = {
			isa = XCBuildConfiguration;
			baseConfigurationReference = 821D360ACCA99C5642BB45E5 /* Pods-LiveScore SDU.release.xcconfig */;
			buildSettings = {
				ASSETCATALOG_COMPILER_APPICON_NAME = AppIcon;
				ASSETCATALOG_COMPILER_GLOBAL_ACCENT_COLOR_NAME = AccentColor;
				CODE_SIGN_STYLE = Automatic;
				DEVELOPMENT_TEAM = L3N8NDWZJN;
				INFOPLIST_FILE = "LiveScore SDU/Info.plist";
				LD_RUNPATH_SEARCH_PATHS = (
					"$(inherited)",
					"@executable_path/Frameworks",
				);
				PRODUCT_BUNDLE_IDENTIFIER = "sdu.edu.arujan.kz.LiveScore-SDU";
				PRODUCT_NAME = "$(TARGET_NAME)";
				SWIFT_VERSION = 5.0;
				TARGETED_DEVICE_FAMILY = "1,2";
			};
			name = Release;
		};
/* End XCBuildConfiguration section */

/* Begin XCConfigurationList section */
		84669A7329ADC913001B8707 /* Build configuration list for PBXProject "LiveScore SDU" */ = {
			isa = XCConfigurationList;
			buildConfigurations = (
				84669A8A29ADC91C001B8707 /* Debug */,
				84669A8B29ADC91C001B8707 /* Release */,
			);
			defaultConfigurationIsVisible = 0;
			defaultConfigurationName = Release;
		};
		84669A8C29ADC91C001B8707 /* Build configuration list for PBXNativeTarget "LiveScore SDU" */ = {
			isa = XCConfigurationList;
			buildConfigurations = (
				84669A8D29ADC91C001B8707 /* Debug */,
				84669A8E29ADC91C001B8707 /* Release */,
			);
			defaultConfigurationIsVisible = 0;
			defaultConfigurationName = Release;
		};
/* End XCConfigurationList section */
	};
	rootObject = 84669A7029ADC913001B8707 /* Project object */;
}
